# THIS IS AN AUTOGENERATED FILE. DO NOT EDIT THIS FILE DIRECTLY.
# yarn lockfile v1


bs-platform@^4.0.7:
  version "4.0.8"
  resolved "https://registry.yarnpkg.com/bs-platform/-/bs-platform-4.0.8.tgz#d7b1ee9b21efdb549669dff797f578e229bcbe20"
  integrity sha512-pTsVLNQ/CNuYUYmhlxhQyuJSACFi7v1avhX5qx6TxzAR3jXjMvImz8WdT+zzzJyisY2TTjMvCrJwhefT3Dliqw==
